{
  "object": {
    "pins": [
      {
        "package": "CombineExpectations",
        "repositoryURL": "https://github.com/groue/CombineExpectations.git",
        "state": {
          "branch": null,
          "revision": "5118f805bdeac7e81dc8e92c78b7ce475201dec8",
          "version": "0.9.0"
        }
      }
    ]
  },
  "version": 1
}
